// !$*UTF8*$!
{
	archiveVersion = 1;
	classes = {
	};
	objectVersion = 46;
	objects = {

/* Begin PBXBuildFile section */
		9EB3D3AF1BC7B56C003002DF /* image2.jpg in Resources */ = {isa = PBXBuildFile; fileRef = 9EB3D3AC1BC7B56C003002DF /* image2.jpg */; settings = {ASSET_TAGS = (); }; };
		9EB3D3B01BC7B56C003002DF /* image1.jpg in Resources */ = {isa = PBXBuildFile; fileRef = 9EB3D3AD1BC7B56C003002DF /* image1.jpg */; settings = {ASSET_TAGS = (); }; };
		9EB3D3B11BC7B56C003002DF /* image3.png in Resources */ = {isa = PBXBuildFile; fileRef = 9EB3D3AE1BC7B56C003002DF /* image3.png */; settings = {ASSET_TAGS = (); }; };
		9EBE39411BCD86BC00F52676 /* LoadingCollectionViewCell.m in Sources */ = {isa = PBXBuildFile; fileRef = 9EBE393F1BCD86BC00F52676 /* LoadingCollectionViewCell.m */; settings = {ASSET_TAGS = (); }; };
		9EBE39441BCD8E2000F52676 /* LoadingCollectionViewCell.xib in Resources */ = {isa = PBXBuildFile; fileRef = 9EBE39431BCD8E2000F52676 /* LoadingCollectionViewCell.xib */; settings = {ASSET_TAGS = (); }; };
		9EF01D021BCC298600E29A84 /* CollectionViewController.m in Sources */ = {isa = PBXBuildFile; fileRef = 9EF01D011BCC298600E29A84 /* CollectionViewController.m */; settings = {ASSET_TAGS = (); }; };
		9EF01D051BCC45E200E29A84 /* PageViewController.m in Sources */ = {isa = PBXBuildFile; fileRef = 9EF01D041BCC45E200E29A84 /* PageViewController.m */; settings = {ASSET_TAGS = (); }; };
		9EF01D0B1BCC4DE600E29A84 /* TabBarController.m in Sources */ = {isa = PBXBuildFile; fileRef = 9EF01D0A1BCC4DE600E29A84 /* TabBarController.m */; settings = {ASSET_TAGS = (); }; };
		9EF01D111BCC544500E29A84 /* LoadingCollectionViewController.m in Sources */ = {isa = PBXBuildFile; fileRef = 9EF01D101BCC544500E29A84 /* LoadingCollectionViewController.m */; settings = {ASSET_TAGS = (); }; };
		AA5A1D491BC41224001E06BF /* LoadingTableViewCell.m in Sources */ = {isa = PBXBuildFile; fileRef = AA5A1D471BC41224001E06BF /* LoadingTableViewCell.m */; settings = {ASSET_TAGS = (); }; };
		AA5A1D4A1BC41224001E06BF /* LoadingTableViewCell.xib in Resources */ = {isa = PBXBuildFile; fileRef = AA5A1D481BC41224001E06BF /* LoadingTableViewCell.xib */; settings = {ASSET_TAGS = (); }; };
		AACFCD331BB6063900483585 /* main.m in Sources */ = {isa = PBXBuildFile; fileRef = AACFCD321BB6063900483585 /* main.m */; };
		AACFCD361BB6063900483585 /* AppDelegate.m in Sources */ = {isa = PBXBuildFile; fileRef = AACFCD351BB6063900483585 /* AppDelegate.m */; };
		AACFCD391BB6063900483585 /* MainTableViewController.m in Sources */ = {isa = PBXBuildFile; fileRef = AACFCD381BB6063900483585 /* MainTableViewController.m */; };
		AACFCD3C1BB6063900483585 /* Main.storyboard in Resources */ = {isa = PBXBuildFile; fileRef = AACFCD3A1BB6063900483585 /* Main.storyboard */; };
		AACFCD3E1BB6063900483585 /* Assets.xcassets in Resources */ = {isa = PBXBuildFile; fileRef = AACFCD3D1BB6063900483585 /* Assets.xcassets */; };
		AACFCD411BB6063900483585 /* LaunchScreen.storyboard in Resources */ = {isa = PBXBuildFile; fileRef = AACFCD3F1BB6063900483585 /* LaunchScreen.storyboard */; };
		AACFCD4A1BB6069100483585 /* LoadingTableViewController.m in Sources */ = {isa = PBXBuildFile; fileRef = AACFCD491BB6069100483585 /* LoadingTableViewController.m */; settings = {ASSET_TAGS = (); }; };
/* End PBXBuildFile section */

/* Begin PBXFileReference section */
		9EB3D3AC1BC7B56C003002DF /* image2.jpg */ = {isa = PBXFileReference; lastKnownFileType = image.jpeg; path = image2.jpg; sourceTree = "<group>"; };
		9EB3D3AD1BC7B56C003002DF /* image1.jpg */ = {isa = PBXFileReference; lastKnownFileType = image.jpeg; path = image1.jpg; sourceTree = "<group>"; };
		9EB3D3AE1BC7B56C003002DF /* image3.png */ = {isa = PBXFileReference; lastKnownFileType = image.png; path = image3.png; sourceTree = "<group>"; };
		9EBE393E1BCD86BC00F52676 /* LoadingCollectionViewCell.h */ = {isa = PBXFileReference; fileEncoding = 4; lastKnownFileType = sourcecode.c.h; path = LoadingCollectionViewCell.h; sourceTree = "<group>"; };
		9EBE393F1BCD86BC00F52676 /* LoadingCollectionViewCell.m */ = {isa = PBXFileReference; fileEncoding = 4; lastKnownFileType = sourcecode.c.objc; path = LoadingCollectionViewCell.m; sourceTree = "<group>"; };
		9EBE39431BCD8E2000F52676 /* LoadingCollectionViewCell.xib */ = {isa = PBXFileReference; fileEncoding = 4; lastKnownFileType = file.xib; path = LoadingCollectionViewCell.xib; sourceTree = "<group>"; };
		9EF01D001BCC298600E29A84 /* CollectionViewController.h */ = {isa = PBXFileReference; fileEncoding = 4; lastKnownFileType = sourcecode.c.h; path = CollectionViewController.h; sourceTree = "<group>"; };
		9EF01D011BCC298600E29A84 /* CollectionViewController.m */ = {isa = PBXFileReference; fileEncoding = 4; lastKnownFileType = sourcecode.c.objc; path = CollectionViewController.m; sourceTree = "<group>"; };
		9EF01D031BCC45E200E29A84 /* PageViewController.h */ = {isa = PBXFileReference; fileEncoding = 4; lastKnownFileType = sourcecode.c.h; path = PageViewController.h; sourceTree = "<group>"; };
		9EF01D041BCC45E200E29A84 /* PageViewController.m */ = {isa = PBXFileReference; fileEncoding = 4; lastKnownFileType = sourcecode.c.objc; path = PageViewController.m; sourceTree = "<group>"; };
		9EF01D091BCC4DE600E29A84 /* TabBarController.h */ = {isa = PBXFileReference; fileEncoding = 4; lastKnownFileType = sourcecode.c.h; name = TabBarController.h; path = ../TabBarController.h; sourceTree = "<group>"; };
		9EF01D0A1BCC4DE600E29A84 /* TabBarController.m */ = {isa = PBXFileReference; fileEncoding = 4; lastKnownFileType = sourcecode.c.objc; name = TabBarController.m; path = ../TabBarController.m; sourceTree = "<group>"; };
		9EF01D0F1BCC544500E29A84 /* LoadingCollectionViewController.h */ = {isa = PBXFileReference; fileEncoding = 4; lastKnownFileType = sourcecode.c.h; path = LoadingCollectionViewController.h; sourceTree = "<group>"; };
		9EF01D101BCC544500E29A84 /* LoadingCollectionViewController.m */ = {isa = PBXFileReference; fileEncoding = 4; lastKnownFileType = sourcecode.c.objc; path = LoadingCollectionViewController.m; sourceTree = "<group>"; };
		AA5A1D461BC41224001E06BF /* LoadingTableViewCell.h */ = {isa = PBXFileReference; fileEncoding = 4; lastKnownFileType = sourcecode.c.h; path = LoadingTableViewCell.h; sourceTree = "<group>"; };
		AA5A1D471BC41224001E06BF /* LoadingTableViewCell.m */ = {isa = PBXFileReference; fileEncoding = 4; lastKnownFileType = sourcecode.c.objc; path = LoadingTableViewCell.m; sourceTree = "<group>"; };
		AA5A1D481BC41224001E06BF /* LoadingTableViewCell.xib */ = {isa = PBXFileReference; fileEncoding = 4; lastKnownFileType = file.xib; path = LoadingTableViewCell.xib; sourceTree = "<group>"; };
		AACFCD2E1BB6063900483585 /* Lesson2.app */ = {isa = PBXFileReference; explicitFileType = wrapper.application; includeInIndex = 0; path = Lesson2.app; sourceTree = BUILT_PRODUCTS_DIR; };
		AACFCD321BB6063900483585 /* main.m */ = {isa = PBXFileReference; lastKnownFileType = sourcecode.c.objc; path = main.m; sourceTree = "<group>"; };
		AACFCD341BB6063900483585 /* AppDelegate.h */ = {isa = PBXFileReference; lastKnownFileType = sourcecode.c.h; path = AppDelegate.h; sourceTree = "<group>"; };
		AACFCD351BB6063900483585 /* AppDelegate.m */ = {isa = PBXFileReference; lastKnownFileType = sourcecode.c.objc; path = AppDelegate.m; sourceTree = "<group>"; };
		AACFCD371BB6063900483585 /* MainTableViewController.h */ = {isa = PBXFileReference; lastKnownFileType = sourcecode.c.h; path = MainTableViewController.h; sourceTree = "<group>"; };
		AACFCD381BB6063900483585 /* MainTableViewController.m */ = {isa = PBXFileReference; lastKnownFileType = sourcecode.c.objc; path = MainTableViewController.m; sourceTree = "<group>"; };
		AACFCD3B1BB6063900483585 /* Base */ = {isa = PBXFileReference; lastKnownFileType = file.storyboard; name = Base; path = Base.lproj/Main.storyboard; sourceTree = "<group>"; };
		AACFCD3D1BB6063900483585 /* Assets.xcassets */ = {isa = PBXFileReference; lastKnownFileType = folder.assetcatalog; path = Assets.xcassets; sourceTree = "<group>"; };
		AACFCD401BB6063900483585 /* Base */ = {isa = PBXFileReference; lastKnownFileType = file.storyboard; name = Base; path = Base.lproj/LaunchScreen.storyboard; sourceTree = "<group>"; };
		AACFCD421BB6063900483585 /* Info.plist */ = {isa = PBXFileReference; lastKnownFileType = text.plist.xml; path = Info.plist; sourceTree = "<group>"; };
		AACFCD481BB6069100483585 /* LoadingTableViewController.h */ = {isa = PBXFileReference; fileEncoding = 4; lastKnownFileType = sourcecode.c.h; path = LoadingTableViewController.h; sourceTree = "<group>"; };
		AACFCD491BB6069100483585 /* LoadingTableViewController.m */ = {isa = PBXFileReference; fileEncoding = 4; lastKnownFileType = sourcecode.c.objc; path = LoadingTableViewController.m; sourceTree = "<group>"; };
/* End PBXFileReference section */

/* Begin PBXFrameworksBuildPhase section */
		AACFCD2B1BB6063900483585 /* Frameworks */ = {
			isa = PBXFrameworksBuildPhase;
			buildActionMask = 2147483647;
			files = (
			);
			runOnlyForDeploymentPostprocessing = 0;
		};
/* End PBXFrameworksBuildPhase section */

/* Begin PBXGroup section */
		AACFCD251BB6063900483585 = {
			isa = PBXGroup;
			children = (
				AACFCD301BB6063900483585 /* Lesson2 */,
				AACFCD2F1BB6063900483585 /* Products */,
			);
			sourceTree = "<group>";
		};
		AACFCD2F1BB6063900483585 /* Products */ = {
			isa = PBXGroup;
			children = (
				AACFCD2E1BB6063900483585 /* Lesson2.app */,
			);
			name = Products;
			sourceTree = "<group>";
		};
		AACFCD301BB6063900483585 /* Lesson2 */ = {
			isa = PBXGroup;
			children = (
				9EBE39431BCD8E2000F52676 /* LoadingCollectionViewCell.xib */,
				9EF01D031BCC45E200E29A84 /* PageViewController.h */,
				9EF01D041BCC45E200E29A84 /* PageViewController.m */,
				9EF01D091BCC4DE600E29A84 /* TabBarController.h */,
				9EF01D001BCC298600E29A84 /* CollectionViewController.h */,
				9EF01D011BCC298600E29A84 /* CollectionViewController.m */,
				9EF01D0F1BCC544500E29A84 /* LoadingCollectionViewController.h */,
				9EF01D101BCC544500E29A84 /* LoadingCollectionViewController.m */,
				AA5A1D461BC41224001E06BF /* LoadingTableViewCell.h */,
				AA5A1D471BC41224001E06BF /* LoadingTableViewCell.m */,
				AA5A1D481BC41224001E06BF /* LoadingTableViewCell.xib */,
				AACFCD481BB6069100483585 /* LoadingTableViewController.h */,
				AACFCD491BB6069100483585 /* LoadingTableViewController.m */,
				AACFCD371BB6063900483585 /* MainTableViewController.h */,
				AACFCD381BB6063900483585 /* MainTableViewController.m */,
				9EF01D0A1BCC4DE600E29A84 /* TabBarController.m */,
				AACFCD3A1BB6063900483585 /* Main.storyboard */,
				AACFCD311BB6063900483585 /* Supporting Files */,
				9EBE393E1BCD86BC00F52676 /* LoadingCollectionViewCell.h */,
				9EBE393F1BCD86BC00F52676 /* LoadingCollectionViewCell.m */,
			);
			path = Lesson2;
			sourceTree = "<group>";
		};
		AACFCD311BB6063900483585 /* Supporting Files */ = {
			isa = PBXGroup;
			children = (
				9EB3D3AC1BC7B56C003002DF /* image2.jpg */,
				9EB3D3AD1BC7B56C003002DF /* image1.jpg */,
				9EB3D3AE1BC7B56C003002DF /* image3.png */,
				AACFCD3D1BB6063900483585 /* Assets.xcassets */,
				AACFCD3F1BB6063900483585 /* LaunchScreen.storyboard */,
				AACFCD421BB6063900483585 /* Info.plist */,
				AACFCD341BB6063900483585 /* AppDelegate.h */,
				AACFCD351BB6063900483585 /* AppDelegate.m */,
				AACFCD321BB6063900483585 /* main.m */,
			);
			name = "Supporting Files";
			sourceTree = "<group>";
		};
/* End PBXGroup section */

/* Begin PBXNativeTarget section */
		AACFCD2D1BB6063900483585 /* Lesson2 */ = {
			isa = PBXNativeTarget;
			buildConfigurationList = AACFCD451BB6063900483585 /* Build configuration list for PBXNativeTarget "Lesson2" */;
			buildPhases = (
				AACFCD2A1BB6063900483585 /* Sources */,
				AACFCD2B1BB6063900483585 /* Frameworks */,
				AACFCD2C1BB6063900483585 /* Resources */,
			);
			buildRules = (
			);
			dependencies = (
			);
			name = Lesson2;
			productName = Lesson2;
			productReference = AACFCD2E1BB6063900483585 /* Lesson2.app */;
			productType = "com.apple.product-type.application";
		};
/* End PBXNativeTarget section */

/* Begin PBXProject section */
		AACFCD261BB6063900483585 /* Project object */ = {
			isa = PBXProject;
			attributes = {
				LastUpgradeCheck = 0700;
				ORGANIZATIONNAME = "Azat Almeev";
				TargetAttributes = {
					AACFCD2D1BB6063900483585 = {
						CreatedOnToolsVersion = 7.0;
					};
				};
			};
			buildConfigurationList = AACFCD291BB6063900483585 /* Build configuration list for PBXProject "Lesson2" */;
			compatibilityVersion = "Xcode 3.2";
			developmentRegion = English;
			hasScannedForEncodings = 0;
			knownRegions = (
				en,
				Base,
			);
			mainGroup = AACFCD251BB6063900483585;
			productRefGroup = AACFCD2F1BB6063900483585 /* Products */;
			projectDirPath = "";
			projectRoot = "";
			targets = (
				AACFCD2D1BB6063900483585 /* Lesson2 */,
			);
		};
/* End PBXProject section */

/* Begin PBXResourcesBuildPhase section */
		AACFCD2C1BB6063900483585 /* Resources */ = {
			isa = PBXResourcesBuildPhase;
			buildActionMask = 2147483647;
			files = (
				AACFCD411BB6063900483585 /* LaunchScreen.storyboard in Resources */,
				AACFCD3E1BB6063900483585 /* Assets.xcassets in Resources */,
				9EB3D3AF1BC7B56C003002DF /* image2.jpg in Resources */,
				9EBE39441BCD8E2000F52676 /* LoadingCollectionViewCell.xib in Resources */,
				AA5A1D4A1BC41224001E06BF /* LoadingTableViewCell.xib in Resources */,
				AACFCD3C1BB6063900483585 /* Main.storyboard in Resources */,
				9EB3D3B11BC7B56C003002DF /* image3.png in Resources */,
				9EB3D3B01BC7B56C003002DF /* image1.jpg in Resources */,
			);
			runOnlyForDeploymentPostprocessing = 0;
		};
/* End PBXResourcesBuildPhase section */

/* Begin PBXSourcesBuildPhase section */
		AACFCD2A1BB6063900483585 /* Sources */ = {
			isa = PBXSourcesBuildPhase;
			buildActionMask = 2147483647;
			files = (
				9EF01D021BCC298600E29A84 /* CollectionViewController.m in Sources */,
				AACFCD4A1BB6069100483585 /* LoadingTableViewController.m in Sources */,
				AACFCD391BB6063900483585 /* MainTableViewController.m in Sources */,
				AA5A1D491BC41224001E06BF /* LoadingTableViewCell.m in Sources */,
				AACFCD361BB6063900483585 /* AppDelegate.m in Sources */,
				9EF01D0B1BCC4DE600E29A84 /* TabBarController.m in Sources */,
				9EBE39411BCD86BC00F52676 /* LoadingCollectionViewCell.m in Sources */,
				AACFCD331BB6063900483585 /* main.m in Sources */,
				9EF01D051BCC45E200E29A84 /* PageViewController.m in Sources */,
				9EF01D111BCC544500E29A84 /* LoadingCollectionViewController.m in Sources */,
			);
			runOnlyForDeploymentPostprocessing = 0;
		};
/* End PBXSourcesBuildPhase section */

/* Begin PBXVariantGroup section */
		AACFCD3A1BB6063900483585 /* Main.storyboard */ = {
			isa = PBXVariantGroup;
			children = (
				AACFCD3B1BB6063900483585 /* Base */,
			);
			name = Main.storyboard;
			sourceTree = "<group>";
		};
		AACFCD3F1BB6063900483585 /* LaunchScreen.storyboard */ = {
			isa = PBXVariantGroup;
			children = (
				AACFCD401BB6063900483585 /* Base */,
			);
			name = LaunchScreen.storyboard;
			sourceTree = "<group>";
		};
/* End PBXVariantGroup section */

/* Begin XCBuildConfiguration section */
		AACFCD431BB6063900483585 /* Debug */ = {
			isa = XCBuildConfiguration;
			buildSettings = {
				ALWAYS_SEARCH_USER_PATHS = NO;
				CLANG_CXX_LANGUAGE_STANDARD = "gnu++0x";
				CLANG_CXX_LIBRARY = "libc++";
				CLANG_ENABLE_MODULES = YES;
				CLANG_ENABLE_OBJC_ARC = YES;
				CLANG_WARN_BOOL_CONVERSION = YES;
				CLANG_WARN_CONSTANT_CONVERSION = YES;
				CLANG_WARN_DIRECT_OBJC_ISA_USAGE = YES_ERROR;
				CLANG_WARN_EMPTY_BODY = YES;
				CLANG_WARN_ENUM_CONVERSION = YES;
				CLANG_WARN_INT_CONVERSION = YES;
				CLANG_WARN_OBJC_ROOT_CLASS = YES_ERROR;
				CLANG_WARN_UNREACHABLE_CODE = YES;
				CLANG_WARN__DUPLICATE_METHOD_MATCH = YES;
				"CODE_SIGN_IDENTITY[sdk=iphoneos*]" = "iPhone Developer";
				COPY_PHASE_STRIP = NO;
				DEBUG_INFORMATION_FORMAT = dwarf;
				ENABLE_STRICT_OBJC_MSGSEND = YES;
				ENABLE_TESTABILITY = YES;
				GCC_C_LANGUAGE_STANDARD = gnu99;
				GCC_DYNAMIC_NO_PIC = NO;
				GCC_NO_COMMON_BLOCKS = YES;
				GCC_OPTIMIZATION_LEVEL = 0;
				GCC_PREPROCESSOR_DEFINITIONS = (
					"DEBUG=1",
					"$(inherited)",
				);
				GCC_WARN_64_TO_32_BIT_CONVERSION = YES;
				GCC_WARN_ABOUT_RETURN_TYPE = YES_ERROR;
				GCC_WARN_UNDECLARED_SELECTOR = YES;
				GCC_WARN_UNINITIALIZED_AUTOS = YES_AGGRESSIVE;
				GCC_WARN_UNUSED_FUNCTION = YES;
				GCC_WARN_UNUSED_VARIABLE = YES;
				IPHONEOS_DEPLOYMENT_TARGET = 9.0;
				MTL_ENABLE_DEBUG_INFO = YES;
				ONLY_ACTIVE_ARCH = YES;
				SDKROOT = iphoneos;
				TARGETED_DEVICE_FAMILY = "1,2";
			};
			name = Debug;
		};
		AACFCD441BB6063900483585 /* Release */ = {
			isa = XCBuildConfiguration;
			buildSettings = {
				ALWAYS_SEARCH_USER_PATHS = NO;
				CLANG_CXX_LANGUAGE_STANDARD = "gnu++0x";
				CLANG_CXX_LIBRARY = "libc++";
				CLANG_ENABLE_MODULES = YES;
				CLANG_ENABLE_OBJC_ARC = YES;
				CLANG_WARN_BOOL_CONVERSION = YES;
				CLANG_WARN_CONSTANT_CONVERSION = YES;
				CLANG_WARN_DIRECT_OBJC_ISA_USAGE = YES_ERROR;
				CLANG_WARN_EMPTY_BODY = YES;
				CLANG_WARN_ENUM_CONVERSION = YES;
				CLANG_WARN_INT_CONVERSION = YES;
				CLANG_WARN_OBJC_ROOT_CLASS = YES_ERROR;
				CLANG_WARN_UNREACHABLE_CODE = YES;
				CLANG_WARN__DUPLICATE_METHOD_MATCH = YES;
				"CODE_SIGN_IDENTITY[sdk=iphoneos*]" = "iPhone Developer";
				COPY_PHASE_STRIP = NO;
				DEBUG_INFORMATION_FORMAT = "dwarf-with-dsym";
				ENABLE_NS_ASSERTIONS = NO;
				ENABLE_STRICT_OBJC_MSGSEND = YES;
				GCC_C_LANGUAGE_STANDARD = gnu99;
				GCC_NO_COMMON_BLOCKS = YES;
				GCC_WARN_64_TO_32_BIT_CONVERSION = YES;
				GCC_WARN_ABOUT_RETURN_TYPE = YES_ERROR;
				GCC_WARN_UNDECLARED_SELECTOR = YES;
				GCC_WARN_UNINITIALIZED_AUTOS = YES_AGGRESSIVE;
				GCC_WARN_UNUSED_FUNCTION = YES;
				GCC_WARN_UNUSED_VARIABLE = YES;
				IPHONEOS_DEPLOYMENT_TARGET = 9.0;
				MTL_ENABLE_DEBUG_INFO = NO;
				SDKROOT = iphoneos;
				TARGETED_DEVICE_FAMILY = "1,2";
				VALIDATE_PRODUCT = YES;
			};
			name = Release;
		};
		AACFCD461BB6063900483585 /* Debug */ = {
			isa = XCBuildConfiguration;
			buildSettings = {
				ASSETCATALOG_COMPILER_APPICON_NAME = AppIcon;
				INFOPLIST_FILE = Lesson2/Info.plist;
				LD_RUNPATH_SEARCH_PATHS = "$(inherited) @executable_path/Frameworks";
				PRODUCT_BUNDLE_IDENTIFIER = ru.azatalmeev.Lesson2;
				PRODUCT_NAME = "$(TARGET_NAME)";
			};
			name = Debug;
		};
		AACFCD471BB6063900483585 /* Release */ = {
			isa = XCBuildConfiguration;
			buildSettings = {
				ASSETCATALOG_COMPILER_APPICON_NAME = AppIcon;
				INFOPLIST_FILE = Lesson2/Info.plist;
				LD_RUNPATH_SEARCH_PATHS = "$(inherited) @executable_path/Frameworks";
				PRODUCT_BUNDLE_IDENTIFIER = ru.azatalmeev.Lesson2;
				PRODUCT_NAME = "$(TARGET_NAME)";
			};
			name = Release;
		};
/* End XCBuildConfiguration section */

/* Begin XCConfigurationList section */
		AACFCD291BB6063900483585 /* Build configuration list for PBXProject "Lesson2" */ = {
			isa = XCConfigurationList;
			buildConfigurations = (
				AACFCD431BB6063900483585 /* Debug */,
				AACFCD441BB6063900483585 /* Release */,
			);
			defaultConfigurationIsVisible = 0;
			defaultConfigurationName = Release;
		};
		AACFCD451BB6063900483585 /* Build configuration list for PBXNativeTarget "Lesson2" */ = {
			isa = XCConfigurationList;
			buildConfigurations = (
				AACFCD461BB6063900483585 /* Debug */,
				AACFCD471BB6063900483585 /* Release */,
			);
			defaultConfigurationIsVisible = 0;
			defaultConfigurationName = Release;
		};
/* End XCConfigurationList section */
	};
	rootObject = AACFCD261BB6063900483585 /* Project object */;
}
